<?xml version="1.0" encoding="UTF-8" standalone="yes" ?>
<CodeBlocks_project_file>
	<FileVersion major="1" minor="6" />
	<Project>
		<Option title="programowanieProjekt" />
		<Option execution_dir="C:/Users/oliwi/OneDrive/Pulpit/f/programowanieProjekt/" />
		<Option pch_mode="2" />
		<Option compiler="gcc" />
		<Build>
			<Target title="Debug">
				<Option output="bin/Debug/programowanieProjekt" prefix_auto="1" extension_auto="1" />
				<Option object_output="obj/Debug/" />
				<Option type="1" />
				<Option compiler="gcc" />
				<Compiler>
					<Add option="-g" />
				</Compiler>
			</Target>
			<Target title="Release">
				<Option output="bin/Release/programowanieProjekt" prefix_auto="1" extension_auto="1" />
				<Option object_output="obj/Release/" />
				<Option type="1" />
				<Option compiler="gcc" />
				<Compiler>
					<Add option="-O2" />
				</Compiler>
				<Linker>
					<Add option="-s" />
				</Linker>
			</Target>
		</Build>
		<Compiler>
			<Add option="-Wall" />
			<Add option="-fexceptions" />
		</Compiler>
		<Unit filename="f/programowanieProjekt/Bandyta.cpp" />
		<Unit filename="f/programowanieProjekt/Bandyta.h" />
		<Unit filename="f/programowanieProjekt/Blackjack.cpp" />
		<Unit filename="f/programowanieProjekt/Blackjack.h" />
		<Unit filename="f/programowanieProjekt/Gra.cpp" />
		<Unit filename="f/programowanieProjekt/Gra.h" />
		<Unit filename="f/programowanieProjekt/Menu.cpp" />
		<Unit filename="f/programowanieProjekt/Menu.h" />
		<Unit filename="f/programowanieProjekt/Ruletka.cpp" />
		<Unit filename="f/programowanieProjekt/Ruletka.h" />
		<Unit filename="f/programowanieProjekt/main.cpp" />
		<Extensions>
			<lib_finder disable_auto="1" />
		</Extensions>
	</Project>
</CodeBlocks_project_file>
